
Microsoft Visual Studio Solution File, Format Version 12.00
# Visual Studio 15
Project("{FAE04EC0-301F-11D3-BF4B-00C04F79EFBC}") = "Assembly-CSharp", "Assembly-CSharp.csproj", "{C77A4D76-617F-4E68-3044-E107E26DC6FD}"
EndProject
Global
	GlobalSection(SolutionConfigurationPlatforms) = preSolution
		Debug|Any CPU = Debug|Any CPU
		Release|Any CPU = Release|Any CPU
	EndGlobalSection
	GlobalSection(ProjectConfigurationPlatforms) = postSolution
		{C77A4D76-617F-4E68-3044-E107E26DC6FD}.Debug|Any CPU.ActiveCfg = Debug|Any CPU
		{C77A4D76-617F-4E68-3044-E107E26DC6FD}.Debug|Any CPU.Build.0 = Debug|Any CPU
		{C77A4D76-617F-4E68-3044-E107E26DC6FD}.Release|Any CPU.ActiveCfg = Release|Any CPU
		{C77A4D76-617F-4E68-3044-E107E26DC6FD}.Release|Any CPU.Build.0 = Release|Any CPU
	EndGlobalSection
	GlobalSection(SolutionProperties) = preSolution
		HideSolutionNode = FALSE
	EndGlobalSection
EndGlobal
